
Microsoft Visual Studio Solution File, Format Version 12.00
# Visual Studio Version 16
VisualStudioVersion = 16.0.33927.289
MinimumVisualStudioVersion = 10.0.40219.1
Project("{2150E333-8FDC-42A3-9474-1A3956D46DE8}") = "Task0", "Task0", "{5E64F76A-940F-4322-BA56-51D244F2B212}"
EndProject
Project("{FAE04EC0-301F-11D3-BF4B-00C04F79EFBC}") = "Tyuiu.ShabukovDV.Sprint6.Task0.V16.Lib", "Tyuiu.ShabukovDV.Sprint6.Task0.V16.Lib\Tyuiu.ShabukovDV.Sprint6.Task0.V16.Lib.csproj", "{5160AFA1-95FA-4BD7-96C2-228DD5878BEB}"
EndProject
Project("{FAE04EC0-301F-11D3-BF4B-00C04F79EFBC}") = "Tyuiu.ShabukovDV.Sprint6.Task0.V16.Test", "Tyuiu.ShabukovDV.Sprint6.Task0.V16.Test\Tyuiu.ShabukovDV.Sprint6.Task0.V16.Test.csproj", "{74F59A76-D053-4954-AE8B-AAD9AE3A8471}"
EndProject
Project("{FAE04EC0-301F-11D3-BF4B-00C04F79EFBC}") = "Tyuiu.ShabukovDV.Sprint6.Task0.V16", "Tyuiu.ShabukovDV.Sprint6.Task0.V16\Tyuiu.ShabukovDV.Sprint6.Task0.V16.csproj", "{75CDCEBA-62DE-47ED-BA94-F85F1FDC016E}"
EndProject
Project("{2150E333-8FDC-42A3-9474-1A3956D46DE8}") = "Task1", "Task1", "{7A9FF227-EFB2-4C2E-9A56-9429CEFC9E3D}"
EndProject
Project("{FAE04EC0-301F-11D3-BF4B-00C04F79EFBC}") = "Tyuiu.ShabukovDV.Sprint6.Task1.V28.Lib", "Tyuiu.ShabukovDV.Sprint6.Task1.V28.Lib\Tyuiu.ShabukovDV.Sprint6.Task1.V28.Lib.csproj", "{DB3E264A-FD80-4365-892D-8BBEC41D5A62}"
EndProject
Project("{FAE04EC0-301F-11D3-BF4B-00C04F79EFBC}") = "Tyuiu.ShabukovDV.Sprint6.Task1.V28.Test", "Tyuiu.ShabukovDV.Sprint6.Task1.V28.Test\Tyuiu.ShabukovDV.Sprint6.Task1.V28.Test.csproj", "{A21E3060-0441-44D0-ABA2-196E695107FE}"
EndProject
Project("{FAE04EC0-301F-11D3-BF4B-00C04F79EFBC}") = "Tyuiu.ShabukovDV.Sprint6.Task1.V28", "Tyuiu.ShabukovDV.Sprint6.Task1.V28\Tyuiu.ShabukovDV.Sprint6.Task1.V28.csproj", "{73EF79FB-31CB-4D9A-9909-8B8FBB33DC91}"
EndProject
Project("{2150E333-8FDC-42A3-9474-1A3956D46DE8}") = "Task2", "Task2", "{97203DDE-9AD8-4F42-BFC1-6ED7E9BB16E6}"
EndProject
Project("{FAE04EC0-301F-11D3-BF4B-00C04F79EFBC}") = "Tyuiu.ShabukovDV.Sprint6.Task2.V16", "Tyuiu.ShabukovDV.Sprint6.Task2.V16\Tyuiu.ShabukovDV.Sprint6.Task2.V16.csproj", "{031960C8-FF85-4805-A703-0F12FA39E53F}"
EndProject
Project("{FAE04EC0-301F-11D3-BF4B-00C04F79EFBC}") = "Tyuiu.ShabukovDV.Sprint6.Task2.V16.Test", "Tyuiu.ShabukovDV.Sprint6.Task2.V16.Test\Tyuiu.ShabukovDV.Sprint6.Task2.V16.Test.csproj", "{A6102381-2CC5-4C6F-ABB4-2C5BB00A31F6}"
EndProject
Project("{FAE04EC0-301F-11D3-BF4B-00C04F79EFBC}") = "Tyuiu.ShabukovDV.Sprint6.Task2.V16.Farm", "Tyuiu.ShabukovDV.Sprint6.Task2.V16.Farm\Tyuiu.ShabukovDV.Sprint6.Task2.V16.Farm.csproj", "{970E262F-1FB8-4917-87C5-519EE229877F}"
EndProject
Project("{2150E333-8FDC-42A3-9474-1A3956D46DE8}") = "Task3", "Task3", "{3CD12FD9-552C-4693-A1AF-97D866FEC6E7}"
EndProject
Project("{FAE04EC0-301F-11D3-BF4B-00C04F79EFBC}") = "Tyuiu.ShabukovDV.Sprint6.Task3.V20", "Tyuiu.ShabukovDV.Sprint6.Task3.V20\Tyuiu.ShabukovDV.Sprint6.Task3.V20.csproj", "{97253F9F-0F23-4AED-8269-0283C8FBB772}"
EndProject
Project("{FAE04EC0-301F-11D3-BF4B-00C04F79EFBC}") = "Tyuiu.ShabukovDV.Sprint6.Task3.V20.Test", "Tyuiu.ShabukovDV.Sprint6.Task3.V20.Test\Tyuiu.ShabukovDV.Sprint6.Task3.V20.Test.csproj", "{49FD09F3-5BED-4BB9-8BEF-3616E24C950E}"
EndProject
Project("{FAE04EC0-301F-11D3-BF4B-00C04F79EFBC}") = "Tyuiu.ShabukovDV.Sprint6.Task3.V20.Lib", "Tyuiu.ShabukovDV.Sprint6.Task3.V20.Lib\Tyuiu.ShabukovDV.Sprint6.Task3.V20.Lib.csproj", "{C7AAF4A1-92CA-4FA2-833C-9650A8E921B8}"
EndProject
Project("{2150E333-8FDC-42A3-9474-1A3956D46DE8}") = "Task4", "Task4", "{31FD4519-DD51-47E6-B693-2C6BD9205EA2}"
EndProject
Project("{FAE04EC0-301F-11D3-BF4B-00C04F79EFBC}") = "Tyuiu.ShabukovDV.Sprint6.Task4.V15.Lib", "Tyuiu.ShabukovDV.Sprint6.Task4.V15.Lib\Tyuiu.ShabukovDV.Sprint6.Task4.V15.Lib.csproj", "{BDB04405-4BFF-4133-8512-2A9FC2B3C2DB}"
EndProject
Project("{FAE04EC0-301F-11D3-BF4B-00C04F79EFBC}") = "Tyuiu.ShabukovDV.Sprint6.Task4.V15.Test", "Tyuiu.ShabukovDV.Sprint6.Task4.V15.Test\Tyuiu.ShabukovDV.Sprint6.Task4.V15.Test.csproj", "{882874D9-92AD-4400-8525-91DB26E5CF38}"
EndProject
Project("{FAE04EC0-301F-11D3-BF4B-00C04F79EFBC}") = "Tyuiu.ShabukovDV.Sprint6.Task4.V15", "Tyuiu.ShabukovDV.Sprint6.Task4.V15\Tyuiu.ShabukovDV.Sprint6.Task4.V15.csproj", "{38B5D449-9D3B-4916-A195-4F7E38B76F92}"
EndProject
Project("{2150E333-8FDC-42A3-9474-1A3956D46DE8}") = "Task5", "Task5", "{AFBA6196-20CE-4D2B-9E71-0591B93A1DAC}"
EndProject
Project("{FAE04EC0-301F-11D3-BF4B-00C04F79EFBC}") = "Tyuiu.ShabukovDV.Sprint6.Task5.V19.Lib", "Tyuiu.ShabukovDV.Sprint6.Task5.V19.Lib\Tyuiu.ShabukovDV.Sprint6.Task5.V19.Lib.csproj", "{FA862BBF-FCD5-4C75-8F93-9DFD794F07FA}"
EndProject
Project("{FAE04EC0-301F-11D3-BF4B-00C04F79EFBC}") = "Tyuiu.ShabukovDV.Sprint6.Task5.V19.Test", "Tyuiu.ShabukovDV.Sprint6.Task5.V19.Test\Tyuiu.ShabukovDV.Sprint6.Task5.V19.Test.csproj", "{3939D0FF-2515-43C0-9058-1F5C201CD5A2}"
EndProject
Project("{FAE04EC0-301F-11D3-BF4B-00C04F79EFBC}") = "Tyuiu.ShabukovDV.Sprint6.Task5.V19", "Tyuiu.ShabukovDV.Sprint6.Task5.V19\Tyuiu.ShabukovDV.Sprint6.Task5.V19.csproj", "{A28B9825-FDFC-4623-B8D4-45385DBE4C4D}"
EndProject
Global
	GlobalSection(SolutionConfigurationPlatforms) = preSolution
		Debug|Any CPU = Debug|Any CPU
		Release|Any CPU = Release|Any CPU
	EndGlobalSection
	GlobalSection(ProjectConfigurationPlatforms) = postSolution
		{5160AFA1-95FA-4BD7-96C2-228DD5878BEB}.Debug|Any CPU.ActiveCfg = Debug|Any CPU
		{5160AFA1-95FA-4BD7-96C2-228DD5878BEB}.Debug|Any CPU.Build.0 = Debug|Any CPU
		{5160AFA1-95FA-4BD7-96C2-228DD5878BEB}.Release|Any CPU.ActiveCfg = Release|Any CPU
		{5160AFA1-95FA-4BD7-96C2-228DD5878BEB}.Release|Any CPU.Build.0 = Release|Any CPU
		{74F59A76-D053-4954-AE8B-AAD9AE3A8471}.Debug|Any CPU.ActiveCfg = Debug|Any CPU
		{74F59A76-D053-4954-AE8B-AAD9AE3A8471}.Debug|Any CPU.Build.0 = Debug|Any CPU
		{74F59A76-D053-4954-AE8B-AAD9AE3A8471}.Release|Any CPU.ActiveCfg = Release|Any CPU
		{74F59A76-D053-4954-AE8B-AAD9AE3A8471}.Release|Any CPU.Build.0 = Release|Any CPU
		{75CDCEBA-62DE-47ED-BA94-F85F1FDC016E}.Debug|Any CPU.ActiveCfg = Debug|Any CPU
		{75CDCEBA-62DE-47ED-BA94-F85F1FDC016E}.Debug|Any CPU.Build.0 = Debug|Any CPU
		{75CDCEBA-62DE-47ED-BA94-F85F1FDC016E}.Release|Any CPU.ActiveCfg = Release|Any CPU
		{75CDCEBA-62DE-47ED-BA94-F85F1FDC016E}.Release|Any CPU.Build.0 = Release|Any CPU
		{DB3E264A-FD80-4365-892D-8BBEC41D5A62}.Debug|Any CPU.ActiveCfg = Debug|Any CPU
		{DB3E264A-FD80-4365-892D-8BBEC41D5A62}.Debug|Any CPU.Build.0 = Debug|Any CPU
		{DB3E264A-FD80-4365-892D-8BBEC41D5A62}.Release|Any CPU.ActiveCfg = Release|Any CPU
		{DB3E264A-FD80-4365-892D-8BBEC41D5A62}.Release|Any CPU.Build.0 = Release|Any CPU
		{A21E3060-0441-44D0-ABA2-196E695107FE}.Debug|Any CPU.ActiveCfg = Debug|Any CPU
		{A21E3060-0441-44D0-ABA2-196E695107FE}.Debug|Any CPU.Build.0 = Debug|Any CPU
		{A21E3060-0441-44D0-ABA2-196E695107FE}.Release|Any CPU.ActiveCfg = Release|Any CPU
		{A21E3060-0441-44D0-ABA2-196E695107FE}.Release|Any CPU.Build.0 = Release|Any CPU
		{73EF79FB-31CB-4D9A-9909-8B8FBB33DC91}.Debug|Any CPU.ActiveCfg = Debug|Any CPU
		{73EF79FB-31CB-4D9A-9909-8B8FBB33DC91}.Debug|Any CPU.Build.0 = Debug|Any CPU
		{73EF79FB-31CB-4D9A-9909-8B8FBB33DC91}.Release|Any CPU.ActiveCfg = Release|Any CPU
		{73EF79FB-31CB-4D9A-9909-8B8FBB33DC91}.Release|Any CPU.Build.0 = Release|Any CPU
		{031960C8-FF85-4805-A703-0F12FA39E53F}.Debug|Any CPU.ActiveCfg = Debug|Any CPU
		{031960C8-FF85-4805-A703-0F12FA39E53F}.Debug|Any CPU.Build.0 = Debug|Any CPU
		{031960C8-FF85-4805-A703-0F12FA39E53F}.Release|Any CPU.ActiveCfg = Release|Any CPU
		{031960C8-FF85-4805-A703-0F12FA39E53F}.Release|Any CPU.Build.0 = Release|Any CPU
		{A6102381-2CC5-4C6F-ABB4-2C5BB00A31F6}.Debug|Any CPU.ActiveCfg = Debug|Any CPU
		{A6102381-2CC5-4C6F-ABB4-2C5BB00A31F6}.Debug|Any CPU.Build.0 = Debug|Any CPU
		{A6102381-2CC5-4C6F-ABB4-2C5BB00A31F6}.Release|Any CPU.ActiveCfg = Release|Any CPU
		{A6102381-2CC5-4C6F-ABB4-2C5BB00A31F6}.Release|Any CPU.Build.0 = Release|Any CPU
		{970E262F-1FB8-4917-87C5-519EE229877F}.Debug|Any CPU.ActiveCfg = Debug|Any CPU
		{970E262F-1FB8-4917-87C5-519EE229877F}.Debug|Any CPU.Build.0 = Debug|Any CPU
		{970E262F-1FB8-4917-87C5-519EE229877F}.Release|Any CPU.ActiveCfg = Release|Any CPU
		{970E262F-1FB8-4917-87C5-519EE229877F}.Release|Any CPU.Build.0 = Release|Any CPU
		{97253F9F-0F23-4AED-8269-0283C8FBB772}.Debug|Any CPU.ActiveCfg = Debug|Any CPU
		{97253F9F-0F23-4AED-8269-0283C8FBB772}.Debug|Any CPU.Build.0 = Debug|Any CPU
		{97253F9F-0F23-4AED-8269-0283C8FBB772}.Release|Any CPU.ActiveCfg = Release|Any CPU
		{97253F9F-0F23-4AED-8269-0283C8FBB772}.Release|Any CPU.Build.0 = Release|Any CPU
		{49FD09F3-5BED-4BB9-8BEF-3616E24C950E}.Debug|Any CPU.ActiveCfg = Debug|Any CPU
		{49FD09F3-5BED-4BB9-8BEF-3616E24C950E}.Debug|Any CPU.Build.0 = Debug|Any CPU
		{49FD09F3-5BED-4BB9-8BEF-3616E24C950E}.Release|Any CPU.ActiveCfg = Release|Any CPU
		{49FD09F3-5BED-4BB9-8BEF-3616E24C950E}.Release|Any CPU.Build.0 = Release|Any CPU
		{C7AAF4A1-92CA-4FA2-833C-9650A8E921B8}.Debug|Any CPU.ActiveCfg = Debug|Any CPU
		{C7AAF4A1-92CA-4FA2-833C-9650A8E921B8}.Debug|Any CPU.Build.0 = Debug|Any CPU
		{C7AAF4A1-92CA-4FA2-833C-9650A8E921B8}.Release|Any CPU.ActiveCfg = Release|Any CPU
		{C7AAF4A1-92CA-4FA2-833C-9650A8E921B8}.Release|Any CPU.Build.0 = Release|Any CPU
		{BDB04405-4BFF-4133-8512-2A9FC2B3C2DB}.Debug|Any CPU.ActiveCfg = Debug|Any CPU
		{BDB04405-4BFF-4133-8512-2A9FC2B3C2DB}.Debug|Any CPU.Build.0 = Debug|Any CPU
		{BDB04405-4BFF-4133-8512-2A9FC2B3C2DB}.Release|Any CPU.ActiveCfg = Release|Any CPU
		{BDB04405-4BFF-4133-8512-2A9FC2B3C2DB}.Release|Any CPU.Build.0 = Release|Any CPU
		{882874D9-92AD-4400-8525-91DB26E5CF38}.Debug|Any CPU.ActiveCfg = Debug|Any CPU
		{882874D9-92AD-4400-8525-91DB26E5CF38}.Debug|Any CPU.Build.0 = Debug|Any CPU
		{882874D9-92AD-4400-8525-91DB26E5CF38}.Release|Any CPU.ActiveCfg = Release|Any CPU
		{882874D9-92AD-4400-8525-91DB26E5CF38}.Release|Any CPU.Build.0 = Release|Any CPU
		{38B5D449-9D3B-4916-A195-4F7E38B76F92}.Debug|Any CPU.ActiveCfg = Debug|Any CPU
		{38B5D449-9D3B-4916-A195-4F7E38B76F92}.Debug|Any CPU.Build.0 = Debug|Any CPU
		{38B5D449-9D3B-4916-A195-4F7E38B76F92}.Release|Any CPU.ActiveCfg = Release|Any CPU
		{38B5D449-9D3B-4916-A195-4F7E38B76F92}.Release|Any CPU.Build.0 = Release|Any CPU
		{FA862BBF-FCD5-4C75-8F93-9DFD794F07FA}.Debug|Any CPU.ActiveCfg = Debug|Any CPU
		{FA862BBF-FCD5-4C75-8F93-9DFD794F07FA}.Debug|Any CPU.Build.0 = Debug|Any CPU
		{FA862BBF-FCD5-4C75-8F93-9DFD794F07FA}.Release|Any CPU.ActiveCfg = Release|Any CPU
		{FA862BBF-FCD5-4C75-8F93-9DFD794F07FA}.Release|Any CPU.Build.0 = Release|Any CPU
		{3939D0FF-2515-43C0-9058-1F5C201CD5A2}.Debug|Any CPU.ActiveCfg = Debug|Any CPU
		{3939D0FF-2515-43C0-9058-1F5C201CD5A2}.Debug|Any CPU.Build.0 = Debug|Any CPU
		{3939D0FF-2515-43C0-9058-1F5C201CD5A2}.Release|Any CPU.ActiveCfg = Release|Any CPU
		{3939D0FF-2515-43C0-9058-1F5C201CD5A2}.Release|Any CPU.Build.0 = Release|Any CPU
		{A28B9825-FDFC-4623-B8D4-45385DBE4C4D}.Debug|Any CPU.ActiveCfg = Debug|Any CPU
		{A28B9825-FDFC-4623-B8D4-45385DBE4C4D}.Debug|Any CPU.Build.0 = Debug|Any CPU
		{A28B9825-FDFC-4623-B8D4-45385DBE4C4D}.Release|Any CPU.ActiveCfg = Release|Any CPU
		{A28B9825-FDFC-4623-B8D4-45385DBE4C4D}.Release|Any CPU.Build.0 = Release|Any CPU
	EndGlobalSection
	GlobalSection(SolutionProperties) = preSolution
		HideSolutionNode = FALSE
	EndGlobalSection
	GlobalSection(NestedProjects) = preSolution
		{5160AFA1-95FA-4BD7-96C2-228DD5878BEB} = {5E64F76A-940F-4322-BA56-51D244F2B212}
		{74F59A76-D053-4954-AE8B-AAD9AE3A8471} = {5E64F76A-940F-4322-BA56-51D244F2B212}
		{75CDCEBA-62DE-47ED-BA94-F85F1FDC016E} = {5E64F76A-940F-4322-BA56-51D244F2B212}
		{DB3E264A-FD80-4365-892D-8BBEC41D5A62} = {7A9FF227-EFB2-4C2E-9A56-9429CEFC9E3D}
		{A21E3060-0441-44D0-ABA2-196E695107FE} = {7A9FF227-EFB2-4C2E-9A56-9429CEFC9E3D}
		{73EF79FB-31CB-4D9A-9909-8B8FBB33DC91} = {7A9FF227-EFB2-4C2E-9A56-9429CEFC9E3D}
		{031960C8-FF85-4805-A703-0F12FA39E53F} = {97203DDE-9AD8-4F42-BFC1-6ED7E9BB16E6}
		{A6102381-2CC5-4C6F-ABB4-2C5BB00A31F6} = {97203DDE-9AD8-4F42-BFC1-6ED7E9BB16E6}
		{970E262F-1FB8-4917-87C5-519EE229877F} = {97203DDE-9AD8-4F42-BFC1-6ED7E9BB16E6}
		{97253F9F-0F23-4AED-8269-0283C8FBB772} = {3CD12FD9-552C-4693-A1AF-97D866FEC6E7}
		{49FD09F3-5BED-4BB9-8BEF-3616E24C950E} = {3CD12FD9-552C-4693-A1AF-97D866FEC6E7}
		{C7AAF4A1-92CA-4FA2-833C-9650A8E921B8} = {3CD12FD9-552C-4693-A1AF-97D866FEC6E7}
		{BDB04405-4BFF-4133-8512-2A9FC2B3C2DB} = {31FD4519-DD51-47E6-B693-2C6BD9205EA2}
		{882874D9-92AD-4400-8525-91DB26E5CF38} = {31FD4519-DD51-47E6-B693-2C6BD9205EA2}
		{38B5D449-9D3B-4916-A195-4F7E38B76F92} = {31FD4519-DD51-47E6-B693-2C6BD9205EA2}
		{FA862BBF-FCD5-4C75-8F93-9DFD794F07FA} = {AFBA6196-20CE-4D2B-9E71-0591B93A1DAC}
		{3939D0FF-2515-43C0-9058-1F5C201CD5A2} = {AFBA6196-20CE-4D2B-9E71-0591B93A1DAC}
		{A28B9825-FDFC-4623-B8D4-45385DBE4C4D} = {AFBA6196-20CE-4D2B-9E71-0591B93A1DAC}
	EndGlobalSection
	GlobalSection(ExtensibilityGlobals) = postSolution
		SolutionGuid = {94BE8C13-FC00-4D96-88A4-0377ECEF40D3}
	EndGlobalSection
EndGlobal
